
Microsoft Visual Studio Solution File, Format Version 12.00
# Visual Studio Version 17
VisualStudioVersion = 17.13.35806.99 d17.13
MinimumVisualStudioVersion = 10.0.40219.1
Project("{FAE04EC0-301F-11D3-BF4B-00C04F79EFBC}") = "RSA_Cipher", "RSA_Cipher.csproj", "{BF9612A7-B8DA-433B-B066-BD62A3C603EF}"
EndProject
Global
	GlobalSection(SolutionConfigurationPlatforms) = preSolution
		Debug|Any CPU = Debug|Any CPU
		Release|Any CPU = Release|Any CPU
	EndGlobalSection
	GlobalSection(ProjectConfigurationPlatforms) = postSolution
		{BF9612A7-B8DA-433B-B066-BD62A3C603EF}.Debug|Any CPU.ActiveCfg = Debug|Any CPU
		{BF9612A7-B8DA-433B-B066-BD62A3C603EF}.Debug|Any CPU.Build.0 = Debug|Any CPU
		{BF9612A7-B8DA-433B-B066-BD62A3C603EF}.Release|Any CPU.ActiveCfg = Release|Any CPU
		{BF9612A7-B8DA-433B-B066-BD62A3C603EF}.Release|Any CPU.Build.0 = Release|Any CPU
	EndGlobalSection
	GlobalSection(SolutionProperties) = preSolution
		HideSolutionNode = FALSE
	EndGlobalSection
	GlobalSection(ExtensibilityGlobals) = postSolution
		SolutionGuid = {E9F59F7A-3934-4FF7-B259-0FD89FF40912}
	EndGlobalSection
EndGlobal
